
Microsoft Visual Studio Solution File, Format Version 12.00
# Visual Studio 2013
VisualStudioVersion = 12.0.40629.0
MinimumVisualStudioVersion = 10.0.40219.1
Project("{5697748A-77EF-44CA-8824-4F5637E5945B}") = "MahjongAlgorithm", "MahjongAlgorithm.luaproj", "{3EC8D747-52BD-4E4A-A957-03719F09C045}"
EndProject
Global
	GlobalSection(SolutionConfigurationPlatforms) = preSolution
		Debug|Any CPU = Debug|Any CPU
		Release|Any CPU = Release|Any CPU
	EndGlobalSection
	GlobalSection(ProjectConfigurationPlatforms) = postSolution
		{3EC8D747-52BD-4E4A-A957-03719F09C045}.Debug|Any CPU.ActiveCfg = Debug|Any CPU
		{3EC8D747-52BD-4E4A-A957-03719F09C045}.Debug|Any CPU.Build.0 = Debug|Any CPU
		{3EC8D747-52BD-4E4A-A957-03719F09C045}.Release|Any CPU.ActiveCfg = Release|Any CPU
		{3EC8D747-52BD-4E4A-A957-03719F09C045}.Release|Any CPU.Build.0 = Release|Any CPU
	EndGlobalSection
	GlobalSection(SolutionProperties) = preSolution
		HideSolutionNode = FALSE
	EndGlobalSection
EndGlobal
